
Microsoft Visual Studio Solution File, Format Version 12.00
Project("{FAE04EC0-301F-11D3-BF4B-00C04F79EFBC}") = "PC.Api", "PC.Api\PC.Api.csproj", "{2848816D-890B-4A2A-A993-A3C2F7EF8779}"
EndProject
Project("{FAE04EC0-301F-11D3-BF4B-00C04F79EFBC}") = "PC.Models", "PC.Models\PC.Models.csproj", "{90356556-B081-419F-B86A-73B4D37DDA10}"
EndProject
Project("{FAE04EC0-301F-11D3-BF4B-00C04F79EFBC}") = "PC.Store", "PC.Store\PC.Store.csproj", "{4B114AD9-34F1-46EE-B63B-33285757B278}"
EndProject
Project("{FAE04EC0-301F-11D3-BF4B-00C04F79EFBC}") = "PC.Common", "PC.Common\PC.Common.csproj", "{6F8590C3-176E-46B9-8C04-DD94F20D8EEC}"
EndProject
Global
	GlobalSection(SolutionConfigurationPlatforms) = preSolution
		Debug|Any CPU = Debug|Any CPU
		Release|Any CPU = Release|Any CPU
	EndGlobalSection
	GlobalSection(ProjectConfigurationPlatforms) = postSolution
		{2848816D-890B-4A2A-A993-A3C2F7EF8779}.Debug|Any CPU.ActiveCfg = Debug|Any CPU
		{2848816D-890B-4A2A-A993-A3C2F7EF8779}.Debug|Any CPU.Build.0 = Debug|Any CPU
		{2848816D-890B-4A2A-A993-A3C2F7EF8779}.Release|Any CPU.ActiveCfg = Release|Any CPU
		{2848816D-890B-4A2A-A993-A3C2F7EF8779}.Release|Any CPU.Build.0 = Release|Any CPU
		{90356556-B081-419F-B86A-73B4D37DDA10}.Debug|Any CPU.ActiveCfg = Debug|Any CPU
		{90356556-B081-419F-B86A-73B4D37DDA10}.Debug|Any CPU.Build.0 = Debug|Any CPU
		{90356556-B081-419F-B86A-73B4D37DDA10}.Release|Any CPU.ActiveCfg = Release|Any CPU
		{90356556-B081-419F-B86A-73B4D37DDA10}.Release|Any CPU.Build.0 = Release|Any CPU
		{4B114AD9-34F1-46EE-B63B-33285757B278}.Debug|Any CPU.ActiveCfg = Debug|Any CPU
		{4B114AD9-34F1-46EE-B63B-33285757B278}.Debug|Any CPU.Build.0 = Debug|Any CPU
		{4B114AD9-34F1-46EE-B63B-33285757B278}.Release|Any CPU.ActiveCfg = Release|Any CPU
		{4B114AD9-34F1-46EE-B63B-33285757B278}.Release|Any CPU.Build.0 = Release|Any CPU
		{6F8590C3-176E-46B9-8C04-DD94F20D8EEC}.Debug|Any CPU.ActiveCfg = Debug|Any CPU
		{6F8590C3-176E-46B9-8C04-DD94F20D8EEC}.Debug|Any CPU.Build.0 = Debug|Any CPU
		{6F8590C3-176E-46B9-8C04-DD94F20D8EEC}.Release|Any CPU.ActiveCfg = Release|Any CPU
		{6F8590C3-176E-46B9-8C04-DD94F20D8EEC}.Release|Any CPU.Build.0 = Release|Any CPU
	EndGlobalSection
EndGlobal
